// !$*UTF8*$!
{
	archiveVersion = 1;
	classes = {
	};
	objectVersion = 50;
	objects = {

/* Begin PBXBuildFile section */
		647D3B062407FE91001D5FFA /* AppDelegate.swift in Sources */ = {isa = PBXBuildFile; fileRef = 647D3B052407FE91001D5FFA /* AppDelegate.swift */; };
		647D3B082407FE91001D5FFA /* SceneDelegate.swift in Sources */ = {isa = PBXBuildFile; fileRef = 647D3B072407FE91001D5FFA /* SceneDelegate.swift */; };
		647D3B0A2407FE91001D5FFA /* ContentView.swift in Sources */ = {isa = PBXBuildFile; fileRef = 647D3B092407FE91001D5FFA /* ContentView.swift */; };
		647D3B0C2407FE91001D5FFA /* Assets.xcassets in Resources */ = {isa = PBXBuildFile; fileRef = 647D3B0B2407FE91001D5FFA /* Assets.xcassets */; };
		647D3B0F2407FE91001D5FFA /* Preview Assets.xcassets in Resources */ = {isa = PBXBuildFile; fileRef = 647D3B0E2407FE91001D5FFA /* Preview Assets.xcassets */; };
		647D3B122407FE91001D5FFA /* LaunchScreen.storyboard in Resources */ = {isa = PBXBuildFile; fileRef = 647D3B102407FE91001D5FFA /* LaunchScreen.storyboard */; };
		647D3B1D2407FE92001D5FFA /* swiftBasicTests.swift in Sources */ = {isa = PBXBuildFile; fileRef = 647D3B1C2407FE92001D5FFA /* swiftBasicTests.swift */; };
		647D3B282407FE92001D5FFA /* swiftBasicUITests.swift in Sources */ = {isa = PBXBuildFile; fileRef = 647D3B272407FE92001D5FFA /* swiftBasicUITests.swift */; };
/* End PBXBuildFile section */

/* Begin PBXContainerItemProxy section */
		647D3B192407FE92001D5FFA /* PBXContainerItemProxy */ = {
			isa = PBXContainerItemProxy;
			containerPortal = 647D3AFA2407FE91001D5FFA /* Project object */;
			proxyType = 1;
			remoteGlobalIDString = 647D3B012407FE91001D5FFA;
			remoteInfo = swiftBasic;
		};
		647D3B242407FE92001D5FFA /* PBXContainerItemProxy */ = {
			isa = PBXContainerItemProxy;
			containerPortal = 647D3AFA2407FE91001D5FFA /* Project object */;
			proxyType = 1;
			remoteGlobalIDString = 647D3B012407FE91001D5FFA;
			remoteInfo = swiftBasic;
		};
/* End PBXContainerItemProxy section */

/* Begin PBXFileReference section */
		647D3B022407FE91001D5FFA /* swiftBasic.app */ = {isa = PBXFileReference; explicitFileType = wrapper.application; includeInIndex = 0; path = swiftBasic.app; sourceTree = BUILT_PRODUCTS_DIR; };
		647D3B052407FE91001D5FFA /* AppDelegate.swift */ = {isa = PBXFileReference; lastKnownFileType = sourcecode.swift; path = AppDelegate.swift; sourceTree = "<group>"; };
		647D3B072407FE91001D5FFA /* SceneDelegate.swift */ = {isa = PBXFileReference; lastKnownFileType = sourcecode.swift; path = SceneDelegate.swift; sourceTree = "<group>"; };
		647D3B092407FE91001D5FFA /* ContentView.swift */ = {isa = PBXFileReference; lastKnownFileType = sourcecode.swift; path = ContentView.swift; sourceTree = "<group>"; };
		647D3B0B2407FE91001D5FFA /* Assets.xcassets */ = {isa = PBXFileReference; lastKnownFileType = folder.assetcatalog; path = Assets.xcassets; sourceTree = "<group>"; };
		647D3B0E2407FE91001D5FFA /* Preview Assets.xcassets */ = {isa = PBXFileReference; lastKnownFileType = folder.assetcatalog; path = "Preview Assets.xcassets"; sourceTree = "<group>"; };
		647D3B112407FE91001D5FFA /* Base */ = {isa = PBXFileReference; lastKnownFileType = file.storyboard; name = Base; path = Base.lproj/LaunchScreen.storyboard; sourceTree = "<group>"; };
		647D3B132407FE91001D5FFA /* Info.plist */ = {isa = PBXFileReference; lastKnownFileType = text.plist.xml; path = Info.plist; sourceTree = "<group>"; };
		647D3B182407FE92001D5FFA /* swiftBasicTests.xctest */ = {isa = PBXFileReference; explicitFileType = wrapper.cfbundle; includeInIndex = 0; path = swiftBasicTests.xctest; sourceTree = BUILT_PRODUCTS_DIR; };
		647D3B1C2407FE92001D5FFA /* swiftBasicTests.swift */ = {isa = PBXFileReference; lastKnownFileType = sourcecode.swift; path = swiftBasicTests.swift; sourceTree = "<group>"; };
		647D3B1E2407FE92001D5FFA /* Info.plist */ = {isa = PBXFileReference; lastKnownFileType = text.plist.xml; path = Info.plist; sourceTree = "<group>"; };
		647D3B232407FE92001D5FFA /* swiftBasicUITests.xctest */ = {isa = PBXFileReference; explicitFileType = wrapper.cfbundle; includeInIndex = 0; path = swiftBasicUITests.xctest; sourceTree = BUILT_PRODUCTS_DIR; };
		647D3B272407FE92001D5FFA /* swiftBasicUITests.swift */ = {isa = PBXFileReference; lastKnownFileType = sourcecode.swift; path = swiftBasicUITests.swift; sourceTree = "<group>"; };
		647D3B292407FE92001D5FFA /* Info.plist */ = {isa = PBXFileReference; lastKnownFileType = text.plist.xml; path = Info.plist; sourceTree = "<group>"; };
/* End PBXFileReference section */

/* Begin PBXFrameworksBuildPhase section */
		647D3AFF2407FE91001D5FFA /* Frameworks */ = {
			isa = PBXFrameworksBuildPhase;
			buildActionMask = 2147483647;
			files = (
			);
			runOnlyForDeploymentPostprocessing = 0;
		};
		647D3B152407FE92001D5FFA /* Frameworks */ = {
			isa = PBXFrameworksBuildPhase;
			buildActionMask = 2147483647;
			files = (
			);
			runOnlyForDeploymentPostprocessing = 0;
		};
		647D3B202407FE92001D5FFA /* Frameworks */ = {
			isa = PBXFrameworksBuildPhase;
			buildActionMask = 2147483647;
			files = (
			);
			runOnlyForDeploymentPostprocessing = 0;
		};
/* End PBXFrameworksBuildPhase section */

/* Begin PBXGroup section */
		647D3AF92407FE91001D5FFA = {
			isa = PBXGroup;
			children = (
				647D3B042407FE91001D5FFA /* swiftBasic */,
				647D3B1B2407FE92001D5FFA /* swiftBasicTests */,
				647D3B262407FE92001D5FFA /* swiftBasicUITests */,
				647D3B032407FE91001D5FFA /* Products */,
			);
			sourceTree = "<group>";
		};
		647D3B032407FE91001D5FFA /* Products */ = {
			isa = PBXGroup;
			children = (
				647D3B022407FE91001D5FFA /* swiftBasic.app */,
				647D3B182407FE92001D5FFA /* swiftBasicTests.xctest */,
				647D3B232407FE92001D5FFA /* swiftBasicUITests.xctest */,
			);
			name = Products;
			sourceTree = "<group>";
		};
		647D3B042407FE91001D5FFA /* swiftBasic */ = {
			isa = PBXGroup;
			children = (
				647D3B052407FE91001D5FFA /* AppDelegate.swift */,
				647D3B072407FE91001D5FFA /* SceneDelegate.swift */,
				647D3B092407FE91001D5FFA /* ContentView.swift */,
				647D3B0B2407FE91001D5FFA /* Assets.xcassets */,
				647D3B102407FE91001D5FFA /* LaunchScreen.storyboard */,
				647D3B132407FE91001D5FFA /* Info.plist */,
				647D3B0D2407FE91001D5FFA /* Preview Content */,
			);
			path = swiftBasic;
			sourceTree = "<group>";
		};
		647D3B0D2407FE91001D5FFA /* Preview Content */ = {
			isa = PBXGroup;
			children = (
				647D3B0E2407FE91001D5FFA /* Preview Assets.xcassets */,
			);
			path = "Preview Content";
			sourceTree = "<group>";
		};
		647D3B1B2407FE92001D5FFA /* swiftBasicTests */ = {
			isa = PBXGroup;
			children = (
				647D3B1C2407FE92001D5FFA /* swiftBasicTests.swift */,
				647D3B1E2407FE92001D5FFA /* Info.plist */,
			);
			path = swiftBasicTests;
			sourceTree = "<group>";
		};
		647D3B262407FE92001D5FFA /* swiftBasicUITests */ = {
			isa = PBXGroup;
			children = (
				647D3B272407FE92001D5FFA /* swiftBasicUITests.swift */,
				647D3B292407FE92001D5FFA /* Info.plist */,
			);
			path = swiftBasicUITests;
			sourceTree = "<group>";
		};
/* End PBXGroup section */

/* Begin PBXNativeTarget section */
		647D3B012407FE91001D5FFA /* swiftBasic */ = {
			isa = PBXNativeTarget;
			buildConfigurationList = 647D3B2C2407FE92001D5FFA /* Build configuration list for PBXNativeTarget "swiftBasic" */;
			buildPhases = (
				647D3AFE2407FE91001D5FFA /* Sources */,
				647D3AFF2407FE91001D5FFA /* Frameworks */,
				647D3B002407FE91001D5FFA /* Resources */,
			);
			buildRules = (
			);
			dependencies = (
			);
			name = swiftBasic;
			productName = swiftBasic;
			productReference = 647D3B022407FE91001D5FFA /* swiftBasic.app */;
			productType = "com.apple.product-type.application";
		};
		647D3B172407FE92001D5FFA /* swiftBasicTests */ = {
			isa = PBXNativeTarget;
			buildConfigurationList = 647D3B2F2407FE92001D5FFA /* Build configuration list for PBXNativeTarget "swiftBasicTests" */;
			buildPhases = (
				647D3B142407FE92001D5FFA /* Sources */,
				647D3B152407FE92001D5FFA /* Frameworks */,
				647D3B162407FE92001D5FFA /* Resources */,
			);
			buildRules = (
			);
			dependencies = (
				647D3B1A2407FE92001D5FFA /* PBXTargetDependency */,
			);
			name = swiftBasicTests;
			productName = swiftBasicTests;
			productReference = 647D3B182407FE92001D5FFA /* swiftBasicTests.xctest */;
			productType = "com.apple.product-type.bundle.unit-test";
		};
		647D3B222407FE92001D5FFA /* swiftBasicUITests */ = {
			isa = PBXNativeTarget;
			buildConfigurationList = 647D3B322407FE92001D5FFA /* Build configuration list for PBXNativeTarget "swiftBasicUITests" */;
			buildPhases = (
				647D3B1F2407FE92001D5FFA /* Sources */,
				647D3B202407FE92001D5FFA /* Frameworks */,
				647D3B212407FE92001D5FFA /* Resources */,
			);
			buildRules = (
			);
			dependencies = (
				647D3B252407FE92001D5FFA /* PBXTargetDependency */,
			);
			name = swiftBasicUITests;
			productName = swiftBasicUITests;
			productReference = 647D3B232407FE92001D5FFA /* swiftBasicUITests.xctest */;
			productType = "com.apple.product-type.bundle.ui-testing";
		};
/* End PBXNativeTarget section */

/* Begin PBXProject section */
		647D3AFA2407FE91001D5FFA /* Project object */ = {
			isa = PBXProject;
			attributes = {
				LastSwiftUpdateCheck = 1130;
				LastUpgradeCheck = 1130;
				ORGANIZATIONNAME = "홍성진";
				TargetAttributes = {
					647D3B012407FE91001D5FFA = {
						CreatedOnToolsVersion = 11.3.1;
					};
					647D3B172407FE92001D5FFA = {
						CreatedOnToolsVersion = 11.3.1;
						TestTargetID = 647D3B012407FE91001D5FFA;
					};
					647D3B222407FE92001D5FFA = {
						CreatedOnToolsVersion = 11.3.1;
						TestTargetID = 647D3B012407FE91001D5FFA;
					};
				};
			};
			buildConfigurationList = 647D3AFD2407FE91001D5FFA /* Build configuration list for PBXProject "swiftBasic" */;
			compatibilityVersion = "Xcode 9.3";
			developmentRegion = en;
			hasScannedForEncodings = 0;
			knownRegions = (
				en,
				Base,
			);
			mainGroup = 647D3AF92407FE91001D5FFA;
			productRefGroup = 647D3B032407FE91001D5FFA /* Products */;
			projectDirPath = "";
			projectRoot = "";
			targets = (
				647D3B012407FE91001D5FFA /* swiftBasic */,
				647D3B172407FE92001D5FFA /* swiftBasicTests */,
				647D3B222407FE92001D5FFA /* swiftBasicUITests */,
			);
		};
/* End PBXProject section */

/* Begin PBXResourcesBuildPhase section */
		647D3B002407FE91001D5FFA /* Resources */ = {
			isa = PBXResourcesBuildPhase;
			buildActionMask = 2147483647;
			files = (
				647D3B122407FE91001D5FFA /* LaunchScreen.storyboard in Resources */,
				647D3B0F2407FE91001D5FFA /* Preview Assets.xcassets in Resources */,
				647D3B0C2407FE91001D5FFA /* Assets.xcassets in Resources */,
			);
			runOnlyForDeploymentPostprocessing = 0;
		};
		647D3B162407FE92001D5FFA /* Resources */ = {
			isa = PBXResourcesBuildPhase;
			buildActionMask = 2147483647;
			files = (
			);
			runOnlyForDeploymentPostprocessing = 0;
		};
		647D3B212407FE92001D5FFA /* Resources */ = {
			isa = PBXResourcesBuildPhase;
			buildActionMask = 2147483647;
			files = (
			);
			runOnlyForDeploymentPostprocessing = 0;
		};
/* End PBXResourcesBuildPhase section */

/* Begin PBXSourcesBuildPhase section */
		647D3AFE2407FE91001D5FFA /* Sources */ = {
			isa = PBXSourcesBuildPhase;
			buildActionMask = 2147483647;
			files = (
				647D3B062407FE91001D5FFA /* AppDelegate.swift in Sources */,
				647D3B082407FE91001D5FFA /* SceneDelegate.swift in Sources */,
				647D3B0A2407FE91001D5FFA /* ContentView.swift in Sources */,
			);
			runOnlyForDeploymentPostprocessing = 0;
		};
		647D3B142407FE92001D5FFA /* Sources */ = {
			isa = PBXSourcesBuildPhase;
			buildActionMask = 2147483647;
			files = (
				647D3B1D2407FE92001D5FFA /* swiftBasicTests.swift in Sources */,
			);
			runOnlyForDeploymentPostprocessing = 0;
		};
		647D3B1F2407FE92001D5FFA /* Sources */ = {
			isa = PBXSourcesBuildPhase;
			buildActionMask = 2147483647;
			files = (
				647D3B282407FE92001D5FFA /* swiftBasicUITests.swift in Sources */,
			);
			runOnlyForDeploymentPostprocessing = 0;
		};
/* End PBXSourcesBuildPhase section */

/* Begin PBXTargetDependency section */
		647D3B1A2407FE92001D5FFA /* PBXTargetDependency */ = {
			isa = PBXTargetDependency;
			target = 647D3B012407FE91001D5FFA /* swiftBasic */;
			targetProxy = 647D3B192407FE92001D5FFA /* PBXContainerItemProxy */;
		};
		647D3B252407FE92001D5FFA /* PBXTargetDependency */ = {
			isa = PBXTargetDependency;
			target = 647D3B012407FE91001D5FFA /* swiftBasic */;
			targetProxy = 647D3B242407FE92001D5FFA /* PBXContainerItemProxy */;
		};
/* End PBXTargetDependency section */

/* Begin PBXVariantGroup section */
		647D3B102407FE91001D5FFA /* LaunchScreen.storyboard */ = {
			isa = PBXVariantGroup;
			children = (
				647D3B112407FE91001D5FFA /* Base */,
			);
			name = LaunchScreen.storyboard;
			sourceTree = "<group>";
		};
/* End PBXVariantGroup section */

/* Begin XCBuildConfiguration section */
		647D3B2A2407FE92001D5FFA /* Debug */ = {
			isa = XCBuildConfiguration;
			buildSettings = {
				ALWAYS_SEARCH_USER_PATHS = NO;
				CLANG_ANALYZER_NONNULL = YES;
				CLANG_ANALYZER_NUMBER_OBJECT_CONVERSION = YES_AGGRESSIVE;
				CLANG_CXX_LANGUAGE_STANDARD = "gnu++14";
				CLANG_CXX_LIBRARY = "libc++";
				CLANG_ENABLE_MODULES = YES;
				CLANG_ENABLE_OBJC_ARC = YES;
				CLANG_ENABLE_OBJC_WEAK = YES;
				CLANG_WARN_BLOCK_CAPTURE_AUTORELEASING = YES;
				CLANG_WARN_BOOL_CONVERSION = YES;
				CLANG_WARN_COMMA = YES;
				CLANG_WARN_CONSTANT_CONVERSION = YES;
				CLANG_WARN_DEPRECATED_OBJC_IMPLEMENTATIONS = YES;
				CLANG_WARN_DIRECT_OBJC_ISA_USAGE = YES_ERROR;
				CLANG_WARN_DOCUMENTATION_COMMENTS = YES;
				CLANG_WARN_EMPTY_BODY = YES;
				CLANG_WARN_ENUM_CONVERSION = YES;
				CLANG_WARN_INFINITE_RECURSION = YES;
				CLANG_WARN_INT_CONVERSION = YES;
				CLANG_WARN_NON_LITERAL_NULL_CONVERSION = YES;
				CLANG_WARN_OBJC_IMPLICIT_RETAIN_SELF = YES;
				CLANG_WARN_OBJC_LITERAL_CONVERSION = YES;
				CLANG_WARN_OBJC_ROOT_CLASS = YES_ERROR;
				CLANG_WARN_RANGE_LOOP_ANALYSIS = YES;
				CLANG_WARN_STRICT_PROTOTYPES = YES;
				CLANG_WARN_SUSPICIOUS_MOVE = YES;
				CLANG_WARN_UNGUARDED_AVAILABILITY = YES_AGGRESSIVE;
				CLANG_WARN_UNREACHABLE_CODE = YES;
				CLANG_WARN__DUPLICATE_METHOD_MATCH = YES;
				COPY_PHASE_STRIP = NO;
				DEBUG_INFORMATION_FORMAT = dwarf;
				ENABLE_STRICT_OBJC_MSGSEND = YES;
				ENABLE_TESTABILITY = YES;
				GCC_C_LANGUAGE_STANDARD = gnu11;
				GCC_DYNAMIC_NO_PIC = NO;
				GCC_NO_COMMON_BLOCKS = YES;
				GCC_OPTIMIZATION_LEVEL = 0;
				GCC_PREPROCESSOR_DEFINITIONS = (
					"DEBUG=1",
					"$(inherited)",
				);
				GCC_WARN_64_TO_32_BIT_CONVERSION = YES;
				GCC_WARN_ABOUT_RETURN_TYPE = YES_ERROR;
				GCC_WARN_UNDECLARED_SELECTOR = YES;
				GCC_WARN_UNINITIALIZED_AUTOS = YES_AGGRESSIVE;
				GCC_WARN_UNUSED_FUNCTION = YES;
				GCC_WARN_UNUSED_VARIABLE = YES;
				IPHONEOS_DEPLOYMENT_TARGET = 13.2;
				MTL_ENABLE_DEBUG_INFO = INCLUDE_SOURCE;
				MTL_FAST_MATH = YES;
				ONLY_ACTIVE_ARCH = YES;
				SDKROOT = iphoneos;
				SWIFT_ACTIVE_COMPILATION_CONDITIONS = DEBUG;
				SWIFT_OPTIMIZATION_LEVEL = "-Onone";
			};
			name = Debug;
		};
		647D3B2B2407FE92001D5FFA /* Release */ = {
			isa = XCBuildConfiguration;
			buildSettings = {
				ALWAYS_SEARCH_USER_PATHS = NO;
				CLANG_ANALYZER_NONNULL = YES;
				CLANG_ANALYZER_NUMBER_OBJECT_CONVERSION = YES_AGGRESSIVE;
				CLANG_CXX_LANGUAGE_STANDARD = "gnu++14";
				CLANG_CXX_LIBRARY = "libc++";
				CLANG_ENABLE_MODULES = YES;
				CLANG_ENABLE_OBJC_ARC = YES;
				CLANG_ENABLE_OBJC_WEAK = YES;
				CLANG_WARN_BLOCK_CAPTURE_AUTORELEASING = YES;
				CLANG_WARN_BOOL_CONVERSION = YES;
				CLANG_WARN_COMMA = YES;
				CLANG_WARN_CONSTANT_CONVERSION = YES;
				CLANG_WARN_DEPRECATED_OBJC_IMPLEMENTATIONS = YES;
				CLANG_WARN_DIRECT_OBJC_ISA_USAGE = YES_ERROR;
				CLANG_WARN_DOCUMENTATION_COMMENTS = YES;
				CLANG_WARN_EMPTY_BODY = YES;
				CLANG_WARN_ENUM_CONVERSION = YES;
				CLANG_WARN_INFINITE_RECURSION = YES;
				CLANG_WARN_INT_CONVERSION = YES;
				CLANG_WARN_NON_LITERAL_NULL_CONVERSION = YES;
				CLANG_WARN_OBJC_IMPLICIT_RETAIN_SELF = YES;
				CLANG_WARN_OBJC_LITERAL_CONVERSION = YES;
				CLANG_WARN_OBJC_ROOT_CLASS = YES_ERROR;
				CLANG_WARN_RANGE_LOOP_ANALYSIS = YES;
				CLANG_WARN_STRICT_PROTOTYPES = YES;
				CLANG_WARN_SUSPICIOUS_MOVE = YES;
				CLANG_WARN_UNGUARDED_AVAILABILITY = YES_AGGRESSIVE;
				CLANG_WARN_UNREACHABLE_CODE = YES;
				CLANG_WARN__DUPLICATE_METHOD_MATCH = YES;
				COPY_PHASE_STRIP = NO;
				DEBUG_INFORMATION_FORMAT = "dwarf-with-dsym";
				ENABLE_NS_ASSERTIONS = NO;
				ENABLE_STRICT_OBJC_MSGSEND = YES;
				GCC_C_LANGUAGE_STANDARD = gnu11;
				GCC_NO_COMMON_BLOCKS = YES;
				GCC_WARN_64_TO_32_BIT_CONVERSION = YES;
				GCC_WARN_ABOUT_RETURN_TYPE = YES_ERROR;
				GCC_WARN_UNDECLARED_SELECTOR = YES;
				GCC_WARN_UNINITIALIZED_AUTOS = YES_AGGRESSIVE;
				GCC_WARN_UNUSED_FUNCTION = YES;
				GCC_WARN_UNUSED_VARIABLE = YES;
				IPHONEOS_DEPLOYMENT_TARGET = 13.2;
				MTL_ENABLE_DEBUG_INFO = NO;
				MTL_FAST_MATH = YES;
				SDKROOT = iphoneos;
				SWIFT_COMPILATION_MODE = wholemodule;
				SWIFT_OPTIMIZATION_LEVEL = "-O";
				VALIDATE_PRODUCT = YES;
			};
			name = Release;
		};
		647D3B2D2407FE92001D5FFA /* Debug */ = {
			isa = XCBuildConfiguration;
			buildSettings = {
				ASSETCATALOG_COMPILER_APPICON_NAME = AppIcon;
				CODE_SIGN_STYLE = Automatic;
				DEVELOPMENT_ASSET_PATHS = "\"swiftBasic/Preview Content\"";
				DEVELOPMENT_TEAM = 3Q7RNHANG9;
				ENABLE_PREVIEWS = YES;
				INFOPLIST_FILE = swiftBasic/Info.plist;
				IPHONEOS_DEPLOYMENT_TARGET = 13.2;
				LD_RUNPATH_SEARCH_PATHS = (
					"$(inherited)",
					"@executable_path/Frameworks",
				);
				PRODUCT_BUNDLE_IDENTIFIER = com.sungjin.swiftBasic;
				PRODUCT_NAME = "$(TARGET_NAME)";
				SWIFT_VERSION = 5.0;
				TARGETED_DEVICE_FAMILY = "1,2";
			};
			name = Debug;
		};
		647D3B2E2407FE92001D5FFA /* Release */ = {
			isa = XCBuildConfiguration;
			buildSettings = {
				ASSETCATALOG_COMPILER_APPICON_NAME = AppIcon;
				CODE_SIGN_STYLE = Automatic;
				DEVELOPMENT_ASSET_PATHS = "\"swiftBasic/Preview Content\"";
				DEVELOPMENT_TEAM = 3Q7RNHANG9;
				ENABLE_PREVIEWS = YES;
				INFOPLIST_FILE = swiftBasic/Info.plist;
				IPHONEOS_DEPLOYMENT_TARGET = 13.2;
				LD_RUNPATH_SEARCH_PATHS = (
					"$(inherited)",
					"@executable_path/Frameworks",
				);
				PRODUCT_BUNDLE_IDENTIFIER = com.sungjin.swiftBasic;
				PRODUCT_NAME = "$(TARGET_NAME)";
				SWIFT_VERSION = 5.0;
				TARGETED_DEVICE_FAMILY = "1,2";
			};
			name = Release;
		};
		647D3B302407FE92001D5FFA /* Debug */ = {
			isa = XCBuildConfiguration;
			buildSettings = {
				ALWAYS_EMBED_SWIFT_STANDARD_LIBRARIES = YES;
				BUNDLE_LOADER = "$(TEST_HOST)";
				CODE_SIGN_STYLE = Automatic;
				DEVELOPMENT_TEAM = 3Q7RNHANG9;
				INFOPLIST_FILE = swiftBasicTests/Info.plist;
				IPHONEOS_DEPLOYMENT_TARGET = 13.2;
				LD_RUNPATH_SEARCH_PATHS = (
					"$(inherited)",
					"@executable_path/Frameworks",
					"@loader_path/Frameworks",
				);
				PRODUCT_BUNDLE_IDENTIFIER = com.sungjin.swiftBasicTests;
				PRODUCT_NAME = "$(TARGET_NAME)";
				SWIFT_VERSION = 5.0;
				TARGETED_DEVICE_FAMILY = "1,2";
				TEST_HOST = "$(BUILT_PRODUCTS_DIR)/swiftBasic.app/swiftBasic";
			};
			name = Debug;
		};
		647D3B312407FE92001D5FFA /* Release */ = {
			isa = XCBuildConfiguration;
			buildSettings = {
				ALWAYS_EMBED_SWIFT_STANDARD_LIBRARIES = YES;
				BUNDLE_LOADER = "$(TEST_HOST)";
				CODE_SIGN_STYLE = Automatic;
				DEVELOPMENT_TEAM = 3Q7RNHANG9;
				INFOPLIST_FILE = swiftBasicTests/Info.plist;
				IPHONEOS_DEPLOYMENT_TARGET = 13.2;
				LD_RUNPATH_SEARCH_PATHS = (
					"$(inherited)",
					"@executable_path/Frameworks",
					"@loader_path/Frameworks",
				);
				PRODUCT_BUNDLE_IDENTIFIER = com.sungjin.swiftBasicTests;
				PRODUCT_NAME = "$(TARGET_NAME)";
				SWIFT_VERSION = 5.0;
				TARGETED_DEVICE_FAMILY = "1,2";
				TEST_HOST = "$(BUILT_PRODUCTS_DIR)/swiftBasic.app/swiftBasic";
			};
			name = Release;
		};
		647D3B332407FE92001D5FFA /* Debug */ = {
			isa = XCBuildConfiguration;
			buildSettings = {
				ALWAYS_EMBED_SWIFT_STANDARD_LIBRARIES = YES;
				CODE_SIGN_STYLE = Automatic;
				DEVELOPMENT_TEAM = 3Q7RNHANG9;
				INFOPLIST_FILE = swiftBasicUITests/Info.plist;
				LD_RUNPATH_SEARCH_PATHS = (
					"$(inherited)",
					"@executable_path/Frameworks",
					"@loader_path/Frameworks",
				);
				PRODUCT_BUNDLE_IDENTIFIER = com.sungjin.swiftBasicUITests;
				PRODUCT_NAME = "$(TARGET_NAME)";
				SWIFT_VERSION = 5.0;
				TARGETED_DEVICE_FAMILY = "1,2";
				TEST_TARGET_NAME = swiftBasic;
			};
			name = Debug;
		};
		647D3B342407FE92001D5FFA /* Release */ = {
			isa = XCBuildConfiguration;
			buildSettings = {
				ALWAYS_EMBED_SWIFT_STANDARD_LIBRARIES = YES;
				CODE_SIGN_STYLE = Automatic;
				DEVELOPMENT_TEAM = 3Q7RNHANG9;
				INFOPLIST_FILE = swiftBasicUITests/Info.plist;
				LD_RUNPATH_SEARCH_PATHS = (
					"$(inherited)",
					"@executable_path/Frameworks",
					"@loader_path/Frameworks",
				);
				PRODUCT_BUNDLE_IDENTIFIER = com.sungjin.swiftBasicUITests;
				PRODUCT_NAME = "$(TARGET_NAME)";
				SWIFT_VERSION = 5.0;
				TARGETED_DEVICE_FAMILY = "1,2";
				TEST_TARGET_NAME = swiftBasic;
			};
			name = Release;
		};
/* End XCBuildConfiguration section */

/* Begin XCConfigurationList section */
		647D3AFD2407FE91001D5FFA /* Build configuration list for PBXProject "swiftBasic" */ = {
			isa = XCConfigurationList;
			buildConfigurations = (
				647D3B2A2407FE92001D5FFA /* Debug */,
				647D3B2B2407FE92001D5FFA /* Release */,
			);
			defaultConfigurationIsVisible = 0;
			defaultConfigurationName = Release;
		};
		647D3B2C2407FE92001D5FFA /* Build configuration list for PBXNativeTarget "swiftBasic" */ = {
			isa = XCConfigurationList;
			buildConfigurations = (
				647D3B2D2407FE92001D5FFA /* Debug */,
				647D3B2E2407FE92001D5FFA /* Release */,
			);
			defaultConfigurationIsVisible = 0;
			defaultConfigurationName = Release;
		};
		647D3B2F2407FE92001D5FFA /* Build configuration list for PBXNativeTarget "swiftBasicTests" */ = {
			isa = XCConfigurationList;
			buildConfigurations = (
				647D3B302407FE92001D5FFA /* Debug */,
				647D3B312407FE92001D5FFA /* Release */,
			);
			defaultConfigurationIsVisible = 0;
			defaultConfigurationName = Release;
		};
		647D3B322407FE92001D5FFA /* Build configuration list for PBXNativeTarget "swiftBasicUITests" */ = {
			isa = XCConfigurationList;
			buildConfigurations = (
				647D3B332407FE92001D5FFA /* Debug */,
				647D3B342407FE92001D5FFA /* Release */,
			);
			defaultConfigurationIsVisible = 0;
			defaultConfigurationName = Release;
		};
/* End XCConfigurationList section */
	};
	rootObject = 647D3AFA2407FE91001D5FFA /* Project object */;
}
